
Microsoft Visual Studio Solution File, Format Version 12.00
# Visual Studio 14
VisualStudioVersion = 14.0.24720.0
MinimumVisualStudioVersion = 10.0.40219.1
Project("{FAE04EC0-301F-11D3-BF4B-00C04F79EFBC}") = "Rib.Ef", "Rib.Ef\Rib.Ef.csproj", "{A2366EFB-B97C-42F4-9127-9F0893077590}"
EndProject
Project("{FAE04EC0-301F-11D3-BF4B-00C04F79EFBC}") = "Rib.Ef.TestApp", "Rib.Ef.TestApp\Rib.Ef.TestApp.csproj", "{3D66A96D-C6DA-40CD-A514-A5D00988CCAC}"
EndProject
Project("{FAE04EC0-301F-11D3-BF4B-00C04F79EFBC}") = "Rib.Ef.Tests", "Rib.Ef.Tests\Rib.Ef.Tests.csproj", "{AA01E411-2D9F-4E6E-9786-52892B235495}"
EndProject
Global
	GlobalSection(SolutionConfigurationPlatforms) = preSolution
		Debug|Any CPU = Debug|Any CPU
		Release|Any CPU = Release|Any CPU
	EndGlobalSection
	GlobalSection(ProjectConfigurationPlatforms) = postSolution
		{A2366EFB-B97C-42F4-9127-9F0893077590}.Debug|Any CPU.ActiveCfg = Debug|Any CPU
		{A2366EFB-B97C-42F4-9127-9F0893077590}.Debug|Any CPU.Build.0 = Debug|Any CPU
		{A2366EFB-B97C-42F4-9127-9F0893077590}.Release|Any CPU.ActiveCfg = Release|Any CPU
		{A2366EFB-B97C-42F4-9127-9F0893077590}.Release|Any CPU.Build.0 = Release|Any CPU
		{3D66A96D-C6DA-40CD-A514-A5D00988CCAC}.Debug|Any CPU.ActiveCfg = Debug|Any CPU
		{3D66A96D-C6DA-40CD-A514-A5D00988CCAC}.Debug|Any CPU.Build.0 = Debug|Any CPU
		{3D66A96D-C6DA-40CD-A514-A5D00988CCAC}.Release|Any CPU.ActiveCfg = Release|Any CPU
		{3D66A96D-C6DA-40CD-A514-A5D00988CCAC}.Release|Any CPU.Build.0 = Release|Any CPU
		{AA01E411-2D9F-4E6E-9786-52892B235495}.Debug|Any CPU.ActiveCfg = Debug|Any CPU
		{AA01E411-2D9F-4E6E-9786-52892B235495}.Debug|Any CPU.Build.0 = Debug|Any CPU
		{AA01E411-2D9F-4E6E-9786-52892B235495}.Release|Any CPU.ActiveCfg = Release|Any CPU
		{AA01E411-2D9F-4E6E-9786-52892B235495}.Release|Any CPU.Build.0 = Release|Any CPU
	EndGlobalSection
	GlobalSection(SolutionProperties) = preSolution
		HideSolutionNode = FALSE
	EndGlobalSection
EndGlobal
